
Microsoft Visual Studio Solution File, Format Version 12.00
# Visual Studio Version 16
VisualStudioVersion = 16.0.32126.315
MinimumVisualStudioVersion = 10.0.40219.1
Project("{9A19103F-16F7-4668-BE54-9A1E7A4F7556}") = "PrestadorDeServico", "PrestadorDeServico\PrestadorDeServico.csproj", "{3D58444B-00BC-4603-8461-12647CA66505}"
EndProject
Project("{FAE04EC0-301F-11D3-BF4B-00C04F79EFBC}") = "Prestadores_Domain", "Prestadores_Domain\Prestadores_Domain.csproj", "{25E5FAAA-FA73-4D67-9476-EC631432DD90}"
EndProject
Project("{FAE04EC0-301F-11D3-BF4B-00C04F79EFBC}") = "Prestadores_infrastructure", "Prestadores_Infraestrutura\Prestadores_infrastructure.csproj", "{9D87CB92-C92B-4A49-A21F-35C18D1B26D1}"
EndProject
Project("{FAE04EC0-301F-11D3-BF4B-00C04F79EFBC}") = "Prestadores_App", "Prestadores_App\Prestadores_App.csproj", "{8DCB87AC-054C-4E5F-99CF-9B464117FC55}"
EndProject
Project("{FAE04EC0-301F-11D3-BF4B-00C04F79EFBC}") = "Prestadores_Identity", "Prestadores_Identity\Prestadores_Identity.csproj", "{3DF6D354-4FA5-4374-B60A-0BED20C556C5}"
EndProject
Global
	GlobalSection(SolutionConfigurationPlatforms) = preSolution
		Debug|Any CPU = Debug|Any CPU
		Release|Any CPU = Release|Any CPU
	EndGlobalSection
	GlobalSection(ProjectConfigurationPlatforms) = postSolution
		{3D58444B-00BC-4603-8461-12647CA66505}.Debug|Any CPU.ActiveCfg = Debug|Any CPU
		{3D58444B-00BC-4603-8461-12647CA66505}.Debug|Any CPU.Build.0 = Debug|Any CPU
		{3D58444B-00BC-4603-8461-12647CA66505}.Release|Any CPU.ActiveCfg = Release|Any CPU
		{3D58444B-00BC-4603-8461-12647CA66505}.Release|Any CPU.Build.0 = Release|Any CPU
		{25E5FAAA-FA73-4D67-9476-EC631432DD90}.Debug|Any CPU.ActiveCfg = Debug|Any CPU
		{25E5FAAA-FA73-4D67-9476-EC631432DD90}.Debug|Any CPU.Build.0 = Debug|Any CPU
		{25E5FAAA-FA73-4D67-9476-EC631432DD90}.Release|Any CPU.ActiveCfg = Release|Any CPU
		{25E5FAAA-FA73-4D67-9476-EC631432DD90}.Release|Any CPU.Build.0 = Release|Any CPU
		{9D87CB92-C92B-4A49-A21F-35C18D1B26D1}.Debug|Any CPU.ActiveCfg = Debug|Any CPU
		{9D87CB92-C92B-4A49-A21F-35C18D1B26D1}.Debug|Any CPU.Build.0 = Debug|Any CPU
		{9D87CB92-C92B-4A49-A21F-35C18D1B26D1}.Release|Any CPU.ActiveCfg = Release|Any CPU
		{9D87CB92-C92B-4A49-A21F-35C18D1B26D1}.Release|Any CPU.Build.0 = Release|Any CPU
		{8DCB87AC-054C-4E5F-99CF-9B464117FC55}.Debug|Any CPU.ActiveCfg = Debug|Any CPU
		{8DCB87AC-054C-4E5F-99CF-9B464117FC55}.Debug|Any CPU.Build.0 = Debug|Any CPU
		{8DCB87AC-054C-4E5F-99CF-9B464117FC55}.Release|Any CPU.ActiveCfg = Release|Any CPU
		{8DCB87AC-054C-4E5F-99CF-9B464117FC55}.Release|Any CPU.Build.0 = Release|Any CPU
		{3DF6D354-4FA5-4374-B60A-0BED20C556C5}.Debug|Any CPU.ActiveCfg = Debug|Any CPU
		{3DF6D354-4FA5-4374-B60A-0BED20C556C5}.Debug|Any CPU.Build.0 = Debug|Any CPU
		{3DF6D354-4FA5-4374-B60A-0BED20C556C5}.Release|Any CPU.ActiveCfg = Release|Any CPU
		{3DF6D354-4FA5-4374-B60A-0BED20C556C5}.Release|Any CPU.Build.0 = Release|Any CPU
	EndGlobalSection
	GlobalSection(SolutionProperties) = preSolution
		HideSolutionNode = FALSE
	EndGlobalSection
	GlobalSection(ExtensibilityGlobals) = postSolution
		SolutionGuid = {DD198B1A-7F48-4D91-B305-BBD31AFF0F70}
	EndGlobalSection
EndGlobal
